
Microsoft Visual Studio Solution File, Format Version 12.00
# Visual Studio Version 16
VisualStudioVersion = 16.0.809.3
MinimumVisualStudioVersion = 10.0.40219.1
Project("{FAE04EC0-301F-11D3-BF4B-00C04F79EFBC}") = "apdb_tutorial_3", "apdb_tutorial_3\apdb_tutorial_3.csproj", "{7D716AAC-6413-4B8E-9DC9-FA373658E3F1}"
EndProject
Global
	GlobalSection(SolutionConfigurationPlatforms) = preSolution
		Debug|Any CPU = Debug|Any CPU
		Release|Any CPU = Release|Any CPU
	EndGlobalSection
	GlobalSection(ProjectConfigurationPlatforms) = postSolution
		{7D716AAC-6413-4B8E-9DC9-FA373658E3F1}.Debug|Any CPU.ActiveCfg = Debug|Any CPU
		{7D716AAC-6413-4B8E-9DC9-FA373658E3F1}.Debug|Any CPU.Build.0 = Debug|Any CPU
		{7D716AAC-6413-4B8E-9DC9-FA373658E3F1}.Release|Any CPU.ActiveCfg = Release|Any CPU
		{7D716AAC-6413-4B8E-9DC9-FA373658E3F1}.Release|Any CPU.Build.0 = Release|Any CPU
	EndGlobalSection
	GlobalSection(SolutionProperties) = preSolution
		HideSolutionNode = FALSE
	EndGlobalSection
	GlobalSection(ExtensibilityGlobals) = postSolution
		SolutionGuid = {0C089716-4219-4840-8370-B26E10D0FD74}
	EndGlobalSection
EndGlobal
